// !$*UTF8*$!
{
	archiveVersion = 1;
	classes = {
	};
	objectVersion = 46;
	objects = {

/* Begin PBXBuildFile section */
		2F26AD991A01D31300C6219D /* heapHA.cpp in Sources */ = {isa = PBXBuildFile; fileRef = 2F26AD971A01D31300C6219D /* heapHA.cpp */; };
		2F95730B1A0B3F22009BEDAC /* test.cpp in Sources */ = {isa = PBXBuildFile; fileRef = 2F26AD9A1A0352D600C6219D /* test.cpp */; };
/* End PBXBuildFile section */

/* Begin PBXCopyFilesBuildPhase section */
		2F26AD861A01B3E100C6219D /* CopyFiles */ = {
			isa = PBXCopyFilesBuildPhase;
			buildActionMask = 2147483647;
			dstPath = /usr/share/man/man1/;
			dstSubfolderSpec = 0;
			files = (
			);
			runOnlyForDeploymentPostprocessing = 1;
		};
/* End PBXCopyFilesBuildPhase section */

/* Begin PBXFileReference section */
		2F26AD881A01B3E100C6219D /* 130A_P1 */ = {isa = PBXFileReference; explicitFileType = "compiled.mach-o.executable"; includeInIndex = 0; path = 130A_P1; sourceTree = BUILT_PRODUCTS_DIR; };
		2F26AD8B1A01B3E100C6219D /* main.cpp */ = {isa = PBXFileReference; lastKnownFileType = sourcecode.cpp.cpp; path = main.cpp; sourceTree = "<group>"; };
		2F26AD971A01D31300C6219D /* heapHA.cpp */ = {isa = PBXFileReference; fileEncoding = 4; lastKnownFileType = sourcecode.cpp.cpp; path = heapHA.cpp; sourceTree = "<group>"; };
		2F26AD981A01D31300C6219D /* heapHA.h */ = {isa = PBXFileReference; fileEncoding = 4; lastKnownFileType = sourcecode.c.h; path = heapHA.h; sourceTree = "<group>"; };
		2F26AD9A1A0352D600C6219D /* test.cpp */ = {isa = PBXFileReference; fileEncoding = 4; lastKnownFileType = sourcecode.cpp.cpp; path = test.cpp; sourceTree = "<group>"; };
/* End PBXFileReference section */

/* Begin PBXFrameworksBuildPhase section */
		2F26AD851A01B3E100C6219D /* Frameworks */ = {
			isa = PBXFrameworksBuildPhase;
			buildActionMask = 2147483647;
			files = (
			);
			runOnlyForDeploymentPostprocessing = 0;
		};
/* End PBXFrameworksBuildPhase section */

/* Begin PBXGroup section */
		2F26AD7F1A01B3E100C6219D = {
			isa = PBXGroup;
			children = (
				2F26AD8A1A01B3E100C6219D /* 130A_P1 */,
				2F26AD891A01B3E100C6219D /* Products */,
			);
			sourceTree = "<group>";
		};
		2F26AD891A01B3E100C6219D /* Products */ = {
			isa = PBXGroup;
			children = (
				2F26AD881A01B3E100C6219D /* 130A_P1 */,
			);
			name = Products;
			sourceTree = "<group>";
		};
		2F26AD8A1A01B3E100C6219D /* 130A_P1 */ = {
			isa = PBXGroup;
			children = (
				2F26AD8B1A01B3E100C6219D /* main.cpp */,
				2F26AD9A1A0352D600C6219D /* test.cpp */,
				2F26AD971A01D31300C6219D /* heapHA.cpp */,
				2F26AD981A01D31300C6219D /* heapHA.h */,
			);
			path = 130A_P1;
			sourceTree = "<group>";
		};
/* End PBXGroup section */

/* Begin PBXNativeTarget section */
		2F26AD871A01B3E100C6219D /* 130A_P1 */ = {
			isa = PBXNativeTarget;
			buildConfigurationList = 2F26AD8F1A01B3E100C6219D /* Build configuration list for PBXNativeTarget "130A_P1" */;
			buildPhases = (
				2F26AD841A01B3E100C6219D /* Sources */,
				2F26AD851A01B3E100C6219D /* Frameworks */,
				2F26AD861A01B3E100C6219D /* CopyFiles */,
			);
			buildRules = (
			);
			dependencies = (
			);
			name = 130A_P1;
			productName = 130A_P1;
			productReference = 2F26AD881A01B3E100C6219D /* 130A_P1 */;
			productType = "com.apple.product-type.tool";
		};
/* End PBXNativeTarget section */

/* Begin PBXProject section */
		2F26AD801A01B3E100C6219D /* Project object */ = {
			isa = PBXProject;
			attributes = {
				LastUpgradeCheck = 0610;
				ORGANIZATIONNAME = "Tyler Weimin Ouyang";
				TargetAttributes = {
					2F26AD871A01B3E100C6219D = {
						CreatedOnToolsVersion = 6.1;
					};
				};
			};
			buildConfigurationList = 2F26AD831A01B3E100C6219D /* Build configuration list for PBXProject "130A_P1" */;
			compatibilityVersion = "Xcode 3.2";
			developmentRegion = English;
			hasScannedForEncodings = 0;
			knownRegions = (
				en,
			);
			mainGroup = 2F26AD7F1A01B3E100C6219D;
			productRefGroup = 2F26AD891A01B3E100C6219D /* Products */;
			projectDirPath = "";
			projectRoot = "";
			targets = (
				2F26AD871A01B3E100C6219D /* 130A_P1 */,
			);
		};
/* End PBXProject section */

/* Begin PBXSourcesBuildPhase section */
		2F26AD841A01B3E100C6219D /* Sources */ = {
			isa = PBXSourcesBuildPhase;
			buildActionMask = 2147483647;
			files = (
				2F95730B1A0B3F22009BEDAC /* test.cpp in Sources */,
				2F26AD991A01D31300C6219D /* heapHA.cpp in Sources */,
			);
			runOnlyForDeploymentPostprocessing = 0;
		};
/* End PBXSourcesBuildPhase section */

/* Begin XCBuildConfiguration section */
		2F26AD8D1A01B3E100C6219D /* Debug */ = {
			isa = XCBuildConfiguration;
			buildSettings = {
				ALWAYS_SEARCH_USER_PATHS = NO;
				CLANG_CXX_LANGUAGE_STANDARD = "gnu++0x";
				CLANG_CXX_LIBRARY = "libc++";
				CLANG_ENABLE_MODULES = YES;
				CLANG_ENABLE_OBJC_ARC = YES;
				CLANG_WARN_BOOL_CONVERSION = YES;
				CLANG_WARN_CONSTANT_CONVERSION = YES;
				CLANG_WARN_DIRECT_OBJC_ISA_USAGE = YES_ERROR;
				CLANG_WARN_EMPTY_BODY = YES;
				CLANG_WARN_ENUM_CONVERSION = YES;
				CLANG_WARN_INT_CONVERSION = YES;
				CLANG_WARN_OBJC_ROOT_CLASS = YES_ERROR;
				CLANG_WARN_UNREACHABLE_CODE = YES;
				CLANG_WARN__DUPLICATE_METHOD_MATCH = YES;
				COPY_PHASE_STRIP = NO;
				ENABLE_STRICT_OBJC_MSGSEND = YES;
				GCC_C_LANGUAGE_STANDARD = gnu99;
				GCC_DYNAMIC_NO_PIC = NO;
				GCC_OPTIMIZATION_LEVEL = 0;
				GCC_PREPROCESSOR_DEFINITIONS = (
					"DEBUG=1",
					"$(inherited)",
				);
				GCC_SYMBOLS_PRIVATE_EXTERN = NO;
				GCC_WARN_64_TO_32_BIT_CONVERSION = YES;
				GCC_WARN_ABOUT_RETURN_TYPE = YES_ERROR;
				GCC_WARN_UNDECLARED_SELECTOR = YES;
				GCC_WARN_UNINITIALIZED_AUTOS = YES_AGGRESSIVE;
				GCC_WARN_UNUSED_FUNCTION = YES;
				GCC_WARN_UNUSED_VARIABLE = YES;
				MACOSX_DEPLOYMENT_TARGET = 10.10;
				MTL_ENABLE_DEBUG_INFO = YES;
				ONLY_ACTIVE_ARCH = YES;
				SDKROOT = macosx;
			};
			name = Debug;
		};
		2F26AD8E1A01B3E100C6219D /* Release */ = {
			isa = XCBuildConfiguration;
			buildSettings = {
				ALWAYS_SEARCH_USER_PATHS = NO;
				CLANG_CXX_LANGUAGE_STANDARD = "gnu++0x";
				CLANG_CXX_LIBRARY = "libc++";
				CLANG_ENABLE_MODULES = YES;
				CLANG_ENABLE_OBJC_ARC = YES;
				CLANG_WARN_BOOL_CONVERSION = YES;
				CLANG_WARN_CONSTANT_CONVERSION = YES;
				CLANG_WARN_DIRECT_OBJC_ISA_USAGE = YES_ERROR;
				CLANG_WARN_EMPTY_BODY = YES;
				CLANG_WARN_ENUM_CONVERSION = YES;
				CLANG_WARN_INT_CONVERSION = YES;
				CLANG_WARN_OBJC_ROOT_CLASS = YES_ERROR;
				CLANG_WARN_UNREACHABLE_CODE = YES;
				CLANG_WARN__DUPLICATE_METHOD_MATCH = YES;
				COPY_PHASE_STRIP = YES;
				DEBUG_INFORMATION_FORMAT = "dwarf-with-dsym";
				ENABLE_NS_ASSERTIONS = NO;
				ENABLE_STRICT_OBJC_MSGSEND = YES;
				GCC_C_LANGUAGE_STANDARD = gnu99;
				GCC_WARN_64_TO_32_BIT_CONVERSION = YES;
				GCC_WARN_ABOUT_RETURN_TYPE = YES_ERROR;
				GCC_WARN_UNDECLARED_SELECTOR = YES;
				GCC_WARN_UNINITIALIZED_AUTOS = YES_AGGRESSIVE;
				GCC_WARN_UNUSED_FUNCTION = YES;
				GCC_WARN_UNUSED_VARIABLE = YES;
				MACOSX_DEPLOYMENT_TARGET = 10.10;
				MTL_ENABLE_DEBUG_INFO = NO;
				SDKROOT = macosx;
			};
			name = Release;
		};
		2F26AD901A01B3E100C6219D /* Debug */ = {
			isa = XCBuildConfiguration;
			buildSettings = {
				CLANG_CXX_LANGUAGE_STANDARD = "compiler-default";
				CLANG_CXX_LIBRARY = "compiler-default";
				PRODUCT_NAME = "$(TARGET_NAME)";
			};
			name = Debug;
		};
		2F26AD911A01B3E100C6219D /* Release */ = {
			isa = XCBuildConfiguration;
			buildSettings = {
				CLANG_CXX_LANGUAGE_STANDARD = "compiler-default";
				CLANG_CXX_LIBRARY = "compiler-default";
				PRODUCT_NAME = "$(TARGET_NAME)";
			};
			name = Release;
		};
/* End XCBuildConfiguration section */

/* Begin XCConfigurationList section */
		2F26AD831A01B3E100C6219D /* Build configuration list for PBXProject "130A_P1" */ = {
			isa = XCConfigurationList;
			buildConfigurations = (
				2F26AD8D1A01B3E100C6219D /* Debug */,
				2F26AD8E1A01B3E100C6219D /* Release */,
			);
			defaultConfigurationIsVisible = 0;
			defaultConfigurationName = Release;
		};
		2F26AD8F1A01B3E100C6219D /* Build configuration list for PBXNativeTarget "130A_P1" */ = {
			isa = XCConfigurationList;
			buildConfigurations = (
				2F26AD901A01B3E100C6219D /* Debug */,
				2F26AD911A01B3E100C6219D /* Release */,
			);
			defaultConfigurationIsVisible = 0;
			defaultConfigurationName = Release;
		};
/* End XCConfigurationList section */
	};
	rootObject = 2F26AD801A01B3E100C6219D /* Project object */;
}
